
Microsoft Visual Studio Solution File, Format Version 12.00
# Visual Studio 2013
VisualStudioVersion = 12.0.21005.1
MinimumVisualStudioVersion = 10.0.40219.1
Project("{FAE04EC0-301F-11D3-BF4B-00C04F79EFBC}") = "COProjectUI", "COProjectUI\COProjectUI.csproj", "{D0B93055-B824-4FE9-A4D1-E1E44CCC11B2}"
EndProject
Project("{FAE04EC0-301F-11D3-BF4B-00C04F79EFBC}") = "COProjectDll", "..\COProjectDll\COProjectDll.csproj", "{4D568E93-E105-4DA9-9F3F-24A99D385B99}"
EndProject
Global
	GlobalSection(SolutionConfigurationPlatforms) = preSolution
		Debug|Any CPU = Debug|Any CPU
		Release|Any CPU = Release|Any CPU
	EndGlobalSection
	GlobalSection(ProjectConfigurationPlatforms) = postSolution
		{D0B93055-B824-4FE9-A4D1-E1E44CCC11B2}.Debug|Any CPU.ActiveCfg = Debug|Any CPU
		{D0B93055-B824-4FE9-A4D1-E1E44CCC11B2}.Debug|Any CPU.Build.0 = Debug|Any CPU
		{D0B93055-B824-4FE9-A4D1-E1E44CCC11B2}.Release|Any CPU.ActiveCfg = Release|Any CPU
		{D0B93055-B824-4FE9-A4D1-E1E44CCC11B2}.Release|Any CPU.Build.0 = Release|Any CPU
		{4D568E93-E105-4DA9-9F3F-24A99D385B99}.Debug|Any CPU.ActiveCfg = Debug|Any CPU
		{4D568E93-E105-4DA9-9F3F-24A99D385B99}.Debug|Any CPU.Build.0 = Debug|Any CPU
		{4D568E93-E105-4DA9-9F3F-24A99D385B99}.Release|Any CPU.ActiveCfg = Release|Any CPU
		{4D568E93-E105-4DA9-9F3F-24A99D385B99}.Release|Any CPU.Build.0 = Release|Any CPU
	EndGlobalSection
	GlobalSection(SolutionProperties) = preSolution
		HideSolutionNode = FALSE
	EndGlobalSection
EndGlobal
